{
  "pins" : [
    {
      "identity" : "certificate-checker-package",
      "kind" : "remoteSourceControl",
      "location" : "https://github.com/mrdizlike/certificate-checker-package.git",
      "state" : {
        "branch" : "main",
        "revision" : "fc2ea5470e37e54d1dc89026a6f9be375b7d396f"
      }
    },
    {
      "identity" : "swift-asn1",
      "kind" : "remoteSourceControl",
      "location" : "https://github.com/apple/swift-asn1.git",
      "state" : {
        "revision" : "a53d9f676cbc84ccc1643cf559a470ee5732ebb6",
        "version" : "0.8.0"
      }
    },
    {
      "identity" : "swift-certificates",
      "kind" : "remoteSourceControl",
      "location" : "https://github.com/apple/swift-certificates.git",
      "state" : {
        "revision" : "9099e78aad1693ce5a2e5b108d8e1337fbff433b",
        "version" : "0.6.0"
      }
    },
    {
      "identity" : "swift-crypto",
      "kind" : "remoteSourceControl",
      "location" : "https://github.com/apple/swift-crypto.git",
      "state" : {
        "revision" : "60f13f60c4d093691934dc6cfdf5f508ada1f894",
        "version" : "2.6.0"
      }
    }
  ],
  "version" : 2
}
